
Microsoft Visual Studio Solution File, Format Version 12.00
# Visual Studio Version 17
VisualStudioVersion = 17.8.34316.72
MinimumVisualStudioVersion = 10.0.40219.1
Project("{FAE04EC0-301F-11D3-BF4B-00C04F79EFBC}") = "TimesheetApp", "TimesheetApp\TimesheetApp.csproj", "{2748E260-17CC-48D6-8766-AC7E2972AE47}"
EndProject
Global
	GlobalSection(SolutionConfigurationPlatforms) = preSolution
		Debug|Any CPU = Debug|Any CPU
		Release|Any CPU = Release|Any CPU
	EndGlobalSection
	GlobalSection(ProjectConfigurationPlatforms) = postSolution
		{2748E260-17CC-48D6-8766-AC7E2972AE47}.Debug|Any CPU.ActiveCfg = Debug|Any CPU
		{2748E260-17CC-48D6-8766-AC7E2972AE47}.Debug|Any CPU.Build.0 = Debug|Any CPU
		{2748E260-17CC-48D6-8766-AC7E2972AE47}.Release|Any CPU.ActiveCfg = Release|Any CPU
		{2748E260-17CC-48D6-8766-AC7E2972AE47}.Release|Any CPU.Build.0 = Release|Any CPU
	EndGlobalSection
	GlobalSection(SolutionProperties) = preSolution
		HideSolutionNode = FALSE
	EndGlobalSection
	GlobalSection(ExtensibilityGlobals) = postSolution
		SolutionGuid = {A59A5DCC-C21D-4430-9B08-E95F3B5D2C6C}
	EndGlobalSection
EndGlobal
